// !$*UTF8*$!
{
	archiveVersion = 1;
	classes = {
	};
	objectVersion = 50;
	objects = {

/* Begin PBXBuildFile section */
		22AA7EE098D0678BABBCC90C /* libPods-Example-watchOS Extension.a in Frameworks */ = {isa = PBXBuildFile; fileRef = 3E7B7F2032854992012EEFA0 /* libPods-Example-watchOS Extension.a */; };
		468FC2801870820244D7C17D /* libPods-Example-iOS.a in Frameworks */ = {isa = PBXBuildFile; fileRef = 08D557F9BADC65F675D00674 /* libPods-Example-iOS.a */; };
		8FE36BBEF03C7044D04B9C9D /* libPods-Example-macOS.a in Frameworks */ = {isa = PBXBuildFile; fileRef = F674A9348058DF42CAA5EA16 /* libPods-Example-macOS.a */; };
		DCC31EE321FB4EA40008EC1B /* AppDelegate.m in Sources */ = {isa = PBXBuildFile; fileRef = DCC31EE221FB4EA40008EC1B /* AppDelegate.m */; };
		DCC31EE621FB4EA40008EC1B /* ViewController.m in Sources */ = {isa = PBXBuildFile; fileRef = DCC31EE521FB4EA40008EC1B /* ViewController.m */; };
		DCC31EE921FB4EA40008EC1B /* Main.storyboard in Resources */ = {isa = PBXBuildFile; fileRef = DCC31EE721FB4EA40008EC1B /* Main.storyboard */; };
		DCC31EEB21FB4EA50008EC1B /* Assets.xcassets in Resources */ = {isa = PBXBuildFile; fileRef = DCC31EEA21FB4EA50008EC1B /* Assets.xcassets */; };
		DCC31EEE21FB4EA50008EC1B /* LaunchScreen.storyboard in Resources */ = {isa = PBXBuildFile; fileRef = DCC31EEC21FB4EA50008EC1B /* LaunchScreen.storyboard */; };
		DCC31EF121FB4EA50008EC1B /* main.m in Sources */ = {isa = PBXBuildFile; fileRef = DCC31EF021FB4EA50008EC1B /* main.m */; };
		DCD18E372202A96E00D68724 /* AppDelegate.m in Sources */ = {isa = PBXBuildFile; fileRef = DCD18E362202A96E00D68724 /* AppDelegate.m */; };
		DCD18E392202A97000D68724 /* Assets.xcassets in Resources */ = {isa = PBXBuildFile; fileRef = DCD18E382202A97000D68724 /* Assets.xcassets */; };
		DCD18E3C2202A97000D68724 /* MainMenu.xib in Resources */ = {isa = PBXBuildFile; fileRef = DCD18E3A2202A97000D68724 /* MainMenu.xib */; };
		DCD18E3F2202A97000D68724 /* main.m in Sources */ = {isa = PBXBuildFile; fileRef = DCD18E3E2202A97000D68724 /* main.m */; };
		DCD18E612202EC3B00D68724 /* Interface.storyboard in Resources */ = {isa = PBXBuildFile; fileRef = DCD18E5F2202EC3B00D68724 /* Interface.storyboard */; };
		DCD18E632202EC3D00D68724 /* Assets.xcassets in Resources */ = {isa = PBXBuildFile; fileRef = DCD18E622202EC3D00D68724 /* Assets.xcassets */; };
		DCD18E6A2202EC3D00D68724 /* Example-watchOS Extension.appex in Embed App Extensions */ = {isa = PBXBuildFile; fileRef = DCD18E692202EC3D00D68724 /* Example-watchOS Extension.appex */; settings = {ATTRIBUTES = (RemoveHeadersOnCopy, ); }; };
		DCD18E702202EC3D00D68724 /* InterfaceController.m in Sources */ = {isa = PBXBuildFile; fileRef = DCD18E6F2202EC3D00D68724 /* InterfaceController.m */; };
		DCD18E732202EC3D00D68724 /* ExtensionDelegate.m in Sources */ = {isa = PBXBuildFile; fileRef = DCD18E722202EC3D00D68724 /* ExtensionDelegate.m */; };
		DCD18E762202EC3D00D68724 /* NotificationController.m in Sources */ = {isa = PBXBuildFile; fileRef = DCD18E752202EC3D00D68724 /* NotificationController.m */; };
		DCD18E782202EC3E00D68724 /* Assets.xcassets in Resources */ = {isa = PBXBuildFile; fileRef = DCD18E772202EC3E00D68724 /* Assets.xcassets */; };
		DCD18E7D2202EC3E00D68724 /* Example-watchOS.app in Embed Watch Content */ = {isa = PBXBuildFile; fileRef = DCD18E5D2202EC3B00D68724 /* Example-watchOS.app */; };
/* End PBXBuildFile section */

/* Begin PBXContainerItemProxy section */
		DCD18E6B2202EC3D00D68724 /* PBXContainerItemProxy */ = {
			isa = PBXContainerItemProxy;
			containerPortal = DCC31ED621FB4EA40008EC1B /* Project object */;
			proxyType = 1;
			remoteGlobalIDString = DCD18E682202EC3D00D68724;
			remoteInfo = "Example-watchOS Extension";
		};
		DCD18E7B2202EC3E00D68724 /* PBXContainerItemProxy */ = {
			isa = PBXContainerItemProxy;
			containerPortal = DCC31ED621FB4EA40008EC1B /* Project object */;
			proxyType = 1;
			remoteGlobalIDString = DCD18E5C2202EC3B00D68724;
			remoteInfo = "Example-watchOS";
		};
/* End PBXContainerItemProxy section */

/* Begin PBXCopyFilesBuildPhase section */
		DCD18E832202EC3E00D68724 /* Embed App Extensions */ = {
			isa = PBXCopyFilesBuildPhase;
			buildActionMask = 2147483647;
			dstPath = "";
			dstSubfolderSpec = 13;
			files = (
				DCD18E6A2202EC3D00D68724 /* Example-watchOS Extension.appex in Embed App Extensions */,
			);
			name = "Embed App Extensions";
			runOnlyForDeploymentPostprocessing = 0;
		};
		DCD18E852202EC3E00D68724 /* Embed Watch Content */ = {
			isa = PBXCopyFilesBuildPhase;
			buildActionMask = 2147483647;
			dstPath = "$(CONTENTS_FOLDER_PATH)/Watch";
			dstSubfolderSpec = 16;
			files = (
				DCD18E7D2202EC3E00D68724 /* Example-watchOS.app in Embed Watch Content */,
			);
			name = "Embed Watch Content";
			runOnlyForDeploymentPostprocessing = 0;
		};
/* End PBXCopyFilesBuildPhase section */

/* Begin PBXFileReference section */
		06741EC15AA2D1C7316453AF /* Pods-Example-watchOS Extension.debug.xcconfig */ = {isa = PBXFileReference; includeInIndex = 1; lastKnownFileType = text.xcconfig; name = "Pods-Example-watchOS Extension.debug.xcconfig"; path = "../Pods/Target Support Files/Pods-Example-watchOS Extension/Pods-Example-watchOS Extension.debug.xcconfig"; sourceTree = "<group>"; };
		08D557F9BADC65F675D00674 /* libPods-Example-iOS.a */ = {isa = PBXFileReference; explicitFileType = archive.ar; includeInIndex = 0; path = "libPods-Example-iOS.a"; sourceTree = BUILT_PRODUCTS_DIR; };
		1BED1593D0FEAE33D4FFB880 /* Pods-Example-iOS.release.xcconfig */ = {isa = PBXFileReference; includeInIndex = 1; lastKnownFileType = text.xcconfig; name = "Pods-Example-iOS.release.xcconfig"; path = "../Pods/Target Support Files/Pods-Example-iOS/Pods-Example-iOS.release.xcconfig"; sourceTree = "<group>"; };
		3E7B7F2032854992012EEFA0 /* libPods-Example-watchOS Extension.a */ = {isa = PBXFileReference; explicitFileType = archive.ar; includeInIndex = 0; path = "libPods-Example-watchOS Extension.a"; sourceTree = BUILT_PRODUCTS_DIR; };
		467204FB6856DAC8C24496CF /* Pods-Example-watchOS Extension.release.xcconfig */ = {isa = PBXFileReference; includeInIndex = 1; lastKnownFileType = text.xcconfig; name = "Pods-Example-watchOS Extension.release.xcconfig"; path = "../Pods/Target Support Files/Pods-Example-watchOS Extension/Pods-Example-watchOS Extension.release.xcconfig"; sourceTree = "<group>"; };
		5DC64D6F4866945F535189FF /* Pods-Example.debug.xcconfig */ = {isa = PBXFileReference; includeInIndex = 1; lastKnownFileType = text.xcconfig; name = "Pods-Example.debug.xcconfig"; path = "../Pods/Target Support Files/Pods-Example/Pods-Example.debug.xcconfig"; sourceTree = "<group>"; };
		779792BB9C61C9D6B1F50EE8 /* libPods-Example-watchOS.a */ = {isa = PBXFileReference; explicitFileType = archive.ar; includeInIndex = 0; path = "libPods-Example-watchOS.a"; sourceTree = BUILT_PRODUCTS_DIR; };
		9974F533E29EB1448B8C1390 /* Pods-Example-iOS.debug.xcconfig */ = {isa = PBXFileReference; includeInIndex = 1; lastKnownFileType = text.xcconfig; name = "Pods-Example-iOS.debug.xcconfig"; path = "../Pods/Target Support Files/Pods-Example-iOS/Pods-Example-iOS.debug.xcconfig"; sourceTree = "<group>"; };
		B1D66EEC6BA4DC322B7E425C /* Pods-Example.release.xcconfig */ = {isa = PBXFileReference; includeInIndex = 1; lastKnownFileType = text.xcconfig; name = "Pods-Example.release.xcconfig"; path = "../Pods/Target Support Files/Pods-Example/Pods-Example.release.xcconfig"; sourceTree = "<group>"; };
		B36008818CFE2CDCDDF4EBBB /* Pods-Example-macOS.debug.xcconfig */ = {isa = PBXFileReference; includeInIndex = 1; lastKnownFileType = text.xcconfig; name = "Pods-Example-macOS.debug.xcconfig"; path = "../Pods/Target Support Files/Pods-Example-macOS/Pods-Example-macOS.debug.xcconfig"; sourceTree = "<group>"; };
		DCC31EDE21FB4EA40008EC1B /* Example-iOS.app */ = {isa = PBXFileReference; explicitFileType = wrapper.application; includeInIndex = 0; path = "Example-iOS.app"; sourceTree = BUILT_PRODUCTS_DIR; };
		DCC31EE121FB4EA40008EC1B /* AppDelegate.h */ = {isa = PBXFileReference; lastKnownFileType = sourcecode.c.h; path = AppDelegate.h; sourceTree = "<group>"; };
		DCC31EE221FB4EA40008EC1B /* AppDelegate.m */ = {isa = PBXFileReference; lastKnownFileType = sourcecode.c.objc; path = AppDelegate.m; sourceTree = "<group>"; };
		DCC31EE421FB4EA40008EC1B /* ViewController.h */ = {isa = PBXFileReference; lastKnownFileType = sourcecode.c.h; path = ViewController.h; sourceTree = "<group>"; };
		DCC31EE521FB4EA40008EC1B /* ViewController.m */ = {isa = PBXFileReference; lastKnownFileType = sourcecode.c.objc; path = ViewController.m; sourceTree = "<group>"; };
		DCC31EE821FB4EA40008EC1B /* Base */ = {isa = PBXFileReference; lastKnownFileType = file.storyboard; name = Base; path = Base.lproj/Main.storyboard; sourceTree = "<group>"; };
		DCC31EEA21FB4EA50008EC1B /* Assets.xcassets */ = {isa = PBXFileReference; lastKnownFileType = folder.assetcatalog; path = Assets.xcassets; sourceTree = "<group>"; };
		DCC31EED21FB4EA50008EC1B /* Base */ = {isa = PBXFileReference; lastKnownFileType = file.storyboard; name = Base; path = Base.lproj/LaunchScreen.storyboard; sourceTree = "<group>"; };
		DCC31EEF21FB4EA50008EC1B /* Info.plist */ = {isa = PBXFileReference; lastKnownFileType = text.plist.xml; path = Info.plist; sourceTree = "<group>"; };
		DCC31EF021FB4EA50008EC1B /* main.m */ = {isa = PBXFileReference; lastKnownFileType = sourcecode.c.objc; path = main.m; sourceTree = "<group>"; };
		DCD18E332202A96E00D68724 /* Example-macOS.app */ = {isa = PBXFileReference; explicitFileType = wrapper.application; includeInIndex = 0; path = "Example-macOS.app"; sourceTree = BUILT_PRODUCTS_DIR; };
		DCD18E352202A96E00D68724 /* AppDelegate.h */ = {isa = PBXFileReference; lastKnownFileType = sourcecode.c.h; path = AppDelegate.h; sourceTree = "<group>"; };
		DCD18E362202A96E00D68724 /* AppDelegate.m */ = {isa = PBXFileReference; lastKnownFileType = sourcecode.c.objc; path = AppDelegate.m; sourceTree = "<group>"; };
		DCD18E382202A97000D68724 /* Assets.xcassets */ = {isa = PBXFileReference; lastKnownFileType = folder.assetcatalog; path = Assets.xcassets; sourceTree = "<group>"; };
		DCD18E3B2202A97000D68724 /* Base */ = {isa = PBXFileReference; lastKnownFileType = file.xib; name = Base; path = Base.lproj/MainMenu.xib; sourceTree = "<group>"; };
		DCD18E3D2202A97000D68724 /* Info.plist */ = {isa = PBXFileReference; lastKnownFileType = text.plist.xml; path = Info.plist; sourceTree = "<group>"; };
		DCD18E3E2202A97000D68724 /* main.m */ = {isa = PBXFileReference; lastKnownFileType = sourcecode.c.objc; path = main.m; sourceTree = "<group>"; };
		DCD18E402202A97000D68724 /* Example_macOS.entitlements */ = {isa = PBXFileReference; lastKnownFileType = text.plist.entitlements; path = Example_macOS.entitlements; sourceTree = "<group>"; };
		DCD18E5D2202EC3B00D68724 /* Example-watchOS.app */ = {isa = PBXFileReference; explicitFileType = wrapper.application; includeInIndex = 0; path = "Example-watchOS.app"; sourceTree = BUILT_PRODUCTS_DIR; };
		DCD18E602202EC3B00D68724 /* Base */ = {isa = PBXFileReference; lastKnownFileType = file.storyboard; name = Base; path = Base.lproj/Interface.storyboard; sourceTree = "<group>"; };
		DCD18E622202EC3D00D68724 /* Assets.xcassets */ = {isa = PBXFileReference; lastKnownFileType = folder.assetcatalog; path = Assets.xcassets; sourceTree = "<group>"; };
		DCD18E642202EC3D00D68724 /* Info.plist */ = {isa = PBXFileReference; lastKnownFileType = text.plist.xml; path = Info.plist; sourceTree = "<group>"; };
		DCD18E692202EC3D00D68724 /* Example-watchOS Extension.appex */ = {isa = PBXFileReference; explicitFileType = "wrapper.app-extension"; includeInIndex = 0; path = "Example-watchOS Extension.appex"; sourceTree = BUILT_PRODUCTS_DIR; };
		DCD18E6E2202EC3D00D68724 /* InterfaceController.h */ = {isa = PBXFileReference; lastKnownFileType = sourcecode.c.h; path = InterfaceController.h; sourceTree = "<group>"; };
		DCD18E6F2202EC3D00D68724 /* InterfaceController.m */ = {isa = PBXFileReference; lastKnownFileType = sourcecode.c.objc; path = InterfaceController.m; sourceTree = "<group>"; };
		DCD18E712202EC3D00D68724 /* ExtensionDelegate.h */ = {isa = PBXFileReference; lastKnownFileType = sourcecode.c.h; path = ExtensionDelegate.h; sourceTree = "<group>"; };
		DCD18E722202EC3D00D68724 /* ExtensionDelegate.m */ = {isa = PBXFileReference; lastKnownFileType = sourcecode.c.objc; path = ExtensionDelegate.m; sourceTree = "<group>"; };
		DCD18E742202EC3D00D68724 /* NotificationController.h */ = {isa = PBXFileReference; lastKnownFileType = sourcecode.c.h; path = NotificationController.h; sourceTree = "<group>"; };
		DCD18E752202EC3D00D68724 /* NotificationController.m */ = {isa = PBXFileReference; lastKnownFileType = sourcecode.c.objc; path = NotificationController.m; sourceTree = "<group>"; };
		DCD18E772202EC3E00D68724 /* Assets.xcassets */ = {isa = PBXFileReference; lastKnownFileType = folder.assetcatalog; path = Assets.xcassets; sourceTree = "<group>"; };
		DCD18E792202EC3E00D68724 /* Info.plist */ = {isa = PBXFileReference; lastKnownFileType = text.plist.xml; path = Info.plist; sourceTree = "<group>"; };
		DCD18E7A2202EC3E00D68724 /* PushNotificationPayload.apns */ = {isa = PBXFileReference; lastKnownFileType = text; path = PushNotificationPayload.apns; sourceTree = "<group>"; };
		EFEB38081BB4401818869B05 /* Pods-Example-macOS.release.xcconfig */ = {isa = PBXFileReference; includeInIndex = 1; lastKnownFileType = text.xcconfig; name = "Pods-Example-macOS.release.xcconfig"; path = "../Pods/Target Support Files/Pods-Example-macOS/Pods-Example-macOS.release.xcconfig"; sourceTree = "<group>"; };
		F674A9348058DF42CAA5EA16 /* libPods-Example-macOS.a */ = {isa = PBXFileReference; explicitFileType = archive.ar; includeInIndex = 0; path = "libPods-Example-macOS.a"; sourceTree = BUILT_PRODUCTS_DIR; };
/* End PBXFileReference section */

/* Begin PBXFrameworksBuildPhase section */
		A184C15D996BA08E64353C2A /* Frameworks */ = {
			isa = PBXFrameworksBuildPhase;
			buildActionMask = 2147483647;
			files = (
			);
			runOnlyForDeploymentPostprocessing = 0;
		};
		DCC31EDB21FB4EA40008EC1B /* Frameworks */ = {
			isa = PBXFrameworksBuildPhase;
			buildActionMask = 2147483647;
			files = (
				468FC2801870820244D7C17D /* libPods-Example-iOS.a in Frameworks */,
			);
			runOnlyForDeploymentPostprocessing = 0;
		};
		DCD18E302202A96E00D68724 /* Frameworks */ = {
			isa = PBXFrameworksBuildPhase;
			buildActionMask = 2147483647;
			files = (
				8FE36BBEF03C7044D04B9C9D /* libPods-Example-macOS.a in Frameworks */,
			);
			runOnlyForDeploymentPostprocessing = 0;
		};
		DCD18E662202EC3D00D68724 /* Frameworks */ = {
			isa = PBXFrameworksBuildPhase;
			buildActionMask = 2147483647;
			files = (
				22AA7EE098D0678BABBCC90C /* libPods-Example-watchOS Extension.a in Frameworks */,
			);
			runOnlyForDeploymentPostprocessing = 0;
		};
/* End PBXFrameworksBuildPhase section */

/* Begin PBXGroup section */
		BD6DB405E694E2AF266DFD63 /* Frameworks */ = {
			isa = PBXGroup;
			children = (
				08D557F9BADC65F675D00674 /* libPods-Example-iOS.a */,
				F674A9348058DF42CAA5EA16 /* libPods-Example-macOS.a */,
				779792BB9C61C9D6B1F50EE8 /* libPods-Example-watchOS.a */,
				3E7B7F2032854992012EEFA0 /* libPods-Example-watchOS Extension.a */,
			);
			name = Frameworks;
			sourceTree = "<group>";
		};
		DCC31ED521FB4EA40008EC1B = {
			isa = PBXGroup;
			children = (
				DCC31EE021FB4EA40008EC1B /* Example-iOS */,
				DCD18E342202A96E00D68724 /* Example-macOS */,
				DCD18E5E2202EC3B00D68724 /* Example-watchOS */,
				DCD18E6D2202EC3D00D68724 /* Example-watchOS Extension */,
				DCC31EDF21FB4EA40008EC1B /* Products */,
				F9EB28A6726711FF1E940785 /* Pods */,
				BD6DB405E694E2AF266DFD63 /* Frameworks */,
			);
			sourceTree = "<group>";
		};
		DCC31EDF21FB4EA40008EC1B /* Products */ = {
			isa = PBXGroup;
			children = (
				DCC31EDE21FB4EA40008EC1B /* Example-iOS.app */,
				DCD18E332202A96E00D68724 /* Example-macOS.app */,
				DCD18E5D2202EC3B00D68724 /* Example-watchOS.app */,
				DCD18E692202EC3D00D68724 /* Example-watchOS Extension.appex */,
			);
			name = Products;
			sourceTree = "<group>";
		};
		DCC31EE021FB4EA40008EC1B /* Example-iOS */ = {
			isa = PBXGroup;
			children = (
				DCC31EE121FB4EA40008EC1B /* AppDelegate.h */,
				DCC31EE221FB4EA40008EC1B /* AppDelegate.m */,
				DCC31EE421FB4EA40008EC1B /* ViewController.h */,
				DCC31EE521FB4EA40008EC1B /* ViewController.m */,
				DCC31EE721FB4EA40008EC1B /* Main.storyboard */,
				DCC31EEA21FB4EA50008EC1B /* Assets.xcassets */,
				DCC31EEC21FB4EA50008EC1B /* LaunchScreen.storyboard */,
				DCC31EEF21FB4EA50008EC1B /* Info.plist */,
				DCC31EF021FB4EA50008EC1B /* main.m */,
			);
			path = "Example-iOS";
			sourceTree = "<group>";
		};
		DCD18E342202A96E00D68724 /* Example-macOS */ = {
			isa = PBXGroup;
			children = (
				DCD18E352202A96E00D68724 /* AppDelegate.h */,
				DCD18E362202A96E00D68724 /* AppDelegate.m */,
				DCD18E382202A97000D68724 /* Assets.xcassets */,
				DCD18E3A2202A97000D68724 /* MainMenu.xib */,
				DCD18E3D2202A97000D68724 /* Info.plist */,
				DCD18E3E2202A97000D68724 /* main.m */,
				DCD18E402202A97000D68724 /* Example_macOS.entitlements */,
			);
			path = "Example-macOS";
			sourceTree = "<group>";
		};
		DCD18E5E2202EC3B00D68724 /* Example-watchOS */ = {
			isa = PBXGroup;
			children = (
				DCD18E5F2202EC3B00D68724 /* Interface.storyboard */,
				DCD18E622202EC3D00D68724 /* Assets.xcassets */,
				DCD18E642202EC3D00D68724 /* Info.plist */,
			);
			path = "Example-watchOS";
			sourceTree = "<group>";
		};
		DCD18E6D2202EC3D00D68724 /* Example-watchOS Extension */ = {
			isa = PBXGroup;
			children = (
				DCD18E6E2202EC3D00D68724 /* InterfaceController.h */,
				DCD18E6F2202EC3D00D68724 /* InterfaceController.m */,
				DCD18E712202EC3D00D68724 /* ExtensionDelegate.h */,
				DCD18E722202EC3D00D68724 /* ExtensionDelegate.m */,
				DCD18E742202EC3D00D68724 /* NotificationController.h */,
				DCD18E752202EC3D00D68724 /* NotificationController.m */,
				DCD18E772202EC3E00D68724 /* Assets.xcassets */,
				DCD18E792202EC3E00D68724 /* Info.plist */,
				DCD18E7A2202EC3E00D68724 /* PushNotificationPayload.apns */,
			);
			path = "Example-watchOS Extension";
			sourceTree = "<group>";
		};
		F9EB28A6726711FF1E940785 /* Pods */ = {
			isa = PBXGroup;
			children = (
				5DC64D6F4866945F535189FF /* Pods-Example.debug.xcconfig */,
				B1D66EEC6BA4DC322B7E425C /* Pods-Example.release.xcconfig */,
				9974F533E29EB1448B8C1390 /* Pods-Example-iOS.debug.xcconfig */,
				1BED1593D0FEAE33D4FFB880 /* Pods-Example-iOS.release.xcconfig */,
				B36008818CFE2CDCDDF4EBBB /* Pods-Example-macOS.debug.xcconfig */,
				EFEB38081BB4401818869B05 /* Pods-Example-macOS.release.xcconfig */,
				06741EC15AA2D1C7316453AF /* Pods-Example-watchOS Extension.debug.xcconfig */,
				467204FB6856DAC8C24496CF /* Pods-Example-watchOS Extension.release.xcconfig */,
			);
			name = Pods;
			sourceTree = "<group>";
		};
/* End PBXGroup section */

/* Begin PBXNativeTarget section */
		DCC31EDD21FB4EA40008EC1B /* Example-iOS */ = {
			isa = PBXNativeTarget;
			buildConfigurationList = DCC31EF421FB4EA50008EC1B /* Build configuration list for PBXNativeTarget "Example-iOS" */;
			buildPhases = (
				B4A266B6F064494CB259FC93 /* [CP] Check Pods Manifest.lock */,
				DCC31EDA21FB4EA40008EC1B /* Sources */,
				DCC31EDB21FB4EA40008EC1B /* Frameworks */,
				DCC31EDC21FB4EA40008EC1B /* Resources */,
				DCD18E852202EC3E00D68724 /* Embed Watch Content */,
			);
			buildRules = (
			);
			dependencies = (
				DCD18E7C2202EC3E00D68724 /* PBXTargetDependency */,
			);
			name = "Example-iOS";
			productName = Example;
			productReference = DCC31EDE21FB4EA40008EC1B /* Example-iOS.app */;
			productType = "com.apple.product-type.application";
		};
		DCD18E322202A96E00D68724 /* Example-macOS */ = {
			isa = PBXNativeTarget;
			buildConfigurationList = DCD18E412202A97000D68724 /* Build configuration list for PBXNativeTarget "Example-macOS" */;
			buildPhases = (
				130AA63EB54F3D90F651D37B /* [CP] Check Pods Manifest.lock */,
				DCD18E2F2202A96E00D68724 /* Sources */,
				DCD18E302202A96E00D68724 /* Frameworks */,
				DCD18E312202A96E00D68724 /* Resources */,
			);
			buildRules = (
			);
			dependencies = (
			);
			name = "Example-macOS";
			productName = "Example-macOS";
			productReference = DCD18E332202A96E00D68724 /* Example-macOS.app */;
			productType = "com.apple.product-type.application";
		};
		DCD18E5C2202EC3B00D68724 /* Example-watchOS */ = {
			isa = PBXNativeTarget;
			buildConfigurationList = DCD18E842202EC3E00D68724 /* Build configuration list for PBXNativeTarget "Example-watchOS" */;
			buildPhases = (
				DCD18E5B2202EC3B00D68724 /* Resources */,
				DCD18E832202EC3E00D68724 /* Embed App Extensions */,
				A184C15D996BA08E64353C2A /* Frameworks */,
			);
			buildRules = (
			);
			dependencies = (
				DCD18E6C2202EC3D00D68724 /* PBXTargetDependency */,
			);
			name = "Example-watchOS";
			productName = "Example-watchOS";
			productReference = DCD18E5D2202EC3B00D68724 /* Example-watchOS.app */;
			productType = "com.apple.product-type.application.watchapp2";
		};
		DCD18E682202EC3D00D68724 /* Example-watchOS Extension */ = {
			isa = PBXNativeTarget;
			buildConfigurationList = DCD18E822202EC3E00D68724 /* Build configuration list for PBXNativeTarget "Example-watchOS Extension" */;
			buildPhases = (
				3A461BD4F0896280E1FF3E58 /* [CP] Check Pods Manifest.lock */,
				DCD18E652202EC3D00D68724 /* Sources */,
				DCD18E662202EC3D00D68724 /* Frameworks */,
				DCD18E672202EC3D00D68724 /* Resources */,
			);
			buildRules = (
			);
			dependencies = (
			);
			name = "Example-watchOS Extension";
			productName = "Example-watchOS Extension";
			productReference = DCD18E692202EC3D00D68724 /* Example-watchOS Extension.appex */;
			productType = "com.apple.product-type.watchkit2-extension";
		};
/* End PBXNativeTarget section */

/* Begin PBXProject section */
		DCC31ED621FB4EA40008EC1B /* Project object */ = {
			isa = PBXProject;
			attributes = {
				LastUpgradeCheck = 1010;
				ORGANIZATIONNAME = muhuaxin;
				TargetAttributes = {
					DCC31EDD21FB4EA40008EC1B = {
						CreatedOnToolsVersion = 10.1;
					};
					DCD18E322202A96E00D68724 = {
						CreatedOnToolsVersion = 10.1;
					};
					DCD18E5C2202EC3B00D68724 = {
						CreatedOnToolsVersion = 10.1;
					};
					DCD18E682202EC3D00D68724 = {
						CreatedOnToolsVersion = 10.1;
					};
				};
			};
			buildConfigurationList = DCC31ED921FB4EA40008EC1B /* Build configuration list for PBXProject "Example" */;
			compatibilityVersion = "Xcode 9.3";
			developmentRegion = en;
			hasScannedForEncodings = 0;
			knownRegions = (
				en,
				Base,
			);
			mainGroup = DCC31ED521FB4EA40008EC1B;
			productRefGroup = DCC31EDF21FB4EA40008EC1B /* Products */;
			projectDirPath = "";
			projectRoot = "";
			targets = (
				DCC31EDD21FB4EA40008EC1B /* Example-iOS */,
				DCD18E322202A96E00D68724 /* Example-macOS */,
				DCD18E5C2202EC3B00D68724 /* Example-watchOS */,
				DCD18E682202EC3D00D68724 /* Example-watchOS Extension */,
			);
		};
/* End PBXProject section */

/* Begin PBXResourcesBuildPhase section */
		DCC31EDC21FB4EA40008EC1B /* Resources */ = {
			isa = PBXResourcesBuildPhase;
			buildActionMask = 2147483647;
			files = (
				DCC31EEE21FB4EA50008EC1B /* LaunchScreen.storyboard in Resources */,
				DCC31EEB21FB4EA50008EC1B /* Assets.xcassets in Resources */,
				DCC31EE921FB4EA40008EC1B /* Main.storyboard in Resources */,
			);
			runOnlyForDeploymentPostprocessing = 0;
		};
		DCD18E312202A96E00D68724 /* Resources */ = {
			isa = PBXResourcesBuildPhase;
			buildActionMask = 2147483647;
			files = (
				DCD18E392202A97000D68724 /* Assets.xcassets in Resources */,
				DCD18E3C2202A97000D68724 /* MainMenu.xib in Resources */,
			);
			runOnlyForDeploymentPostprocessing = 0;
		};
		DCD18E5B2202EC3B00D68724 /* Resources */ = {
			isa = PBXResourcesBuildPhase;
			buildActionMask = 2147483647;
			files = (
				DCD18E632202EC3D00D68724 /* Assets.xcassets in Resources */,
				DCD18E612202EC3B00D68724 /* Interface.storyboard in Resources */,
			);
			runOnlyForDeploymentPostprocessing = 0;
		};
		DCD18E672202EC3D00D68724 /* Resources */ = {
			isa = PBXResourcesBuildPhase;
			buildActionMask = 2147483647;
			files = (
				DCD18E782202EC3E00D68724 /* Assets.xcassets in Resources */,
			);
			runOnlyForDeploymentPostprocessing = 0;
		};
/* End PBXResourcesBuildPhase section */

/* Begin PBXShellScriptBuildPhase section */
		130AA63EB54F3D90F651D37B /* [CP] Check Pods Manifest.lock */ = {
			isa = PBXShellScriptBuildPhase;
			buildActionMask = 2147483647;
			files = (
			);
			inputFileListPaths = (
			);
			inputPaths = (
				"${PODS_PODFILE_DIR_PATH}/Podfile.lock",
				"${PODS_ROOT}/Manifest.lock",
			);
			name = "[CP] Check Pods Manifest.lock";
			outputFileListPaths = (
			);
			outputPaths = (
				"$(DERIVED_FILE_DIR)/Pods-Example-macOS-checkManifestLockResult.txt",
			);
			runOnlyForDeploymentPostprocessing = 0;
			shellPath = /bin/sh;
			shellScript = "diff \"${PODS_PODFILE_DIR_PATH}/Podfile.lock\" \"${PODS_ROOT}/Manifest.lock\" > /dev/null\nif [ $? != 0 ] ; then\n    # print error to STDERR\n    echo \"error: The sandbox is not in sync with the Podfile.lock. Run 'pod install' or update your CocoaPods installation.\" >&2\n    exit 1\nfi\n# This output is used by Xcode 'outputs' to avoid re-running this script phase.\necho \"SUCCESS\" > \"${SCRIPT_OUTPUT_FILE_0}\"\n";
			showEnvVarsInLog = 0;
		};
		3A461BD4F0896280E1FF3E58 /* [CP] Check Pods Manifest.lock */ = {
			isa = PBXShellScriptBuildPhase;
			buildActionMask = 2147483647;
			files = (
			);
			inputFileListPaths = (
			);
			inputPaths = (
				"${PODS_PODFILE_DIR_PATH}/Podfile.lock",
				"${PODS_ROOT}/Manifest.lock",
			);
			name = "[CP] Check Pods Manifest.lock";
			outputFileListPaths = (
			);
			outputPaths = (
				"$(DERIVED_FILE_DIR)/Pods-Example-watchOS Extension-checkManifestLockResult.txt",
			);
			runOnlyForDeploymentPostprocessing = 0;
			shellPath = /bin/sh;
			shellScript = "diff \"${PODS_PODFILE_DIR_PATH}/Podfile.lock\" \"${PODS_ROOT}/Manifest.lock\" > /dev/null\nif [ $? != 0 ] ; then\n    # print error to STDERR\n    echo \"error: The sandbox is not in sync with the Podfile.lock. Run 'pod install' or update your CocoaPods installation.\" >&2\n    exit 1\nfi\n# This output is used by Xcode 'outputs' to avoid re-running this script phase.\necho \"SUCCESS\" > \"${SCRIPT_OUTPUT_FILE_0}\"\n";
			showEnvVarsInLog = 0;
		};
		B4A266B6F064494CB259FC93 /* [CP] Check Pods Manifest.lock */ = {
			isa = PBXShellScriptBuildPhase;
			buildActionMask = 2147483647;
			files = (
			);
			inputFileListPaths = (
			);
			inputPaths = (
				"${PODS_PODFILE_DIR_PATH}/Podfile.lock",
				"${PODS_ROOT}/Manifest.lock",
			);
			name = "[CP] Check Pods Manifest.lock";
			outputFileListPaths = (
			);
			outputPaths = (
				"$(DERIVED_FILE_DIR)/Pods-Example-iOS-checkManifestLockResult.txt",
			);
			runOnlyForDeploymentPostprocessing = 0;
			shellPath = /bin/sh;
			shellScript = "diff \"${PODS_PODFILE_DIR_PATH}/Podfile.lock\" \"${PODS_ROOT}/Manifest.lock\" > /dev/null\nif [ $? != 0 ] ; then\n    # print error to STDERR\n    echo \"error: The sandbox is not in sync with the Podfile.lock. Run 'pod install' or update your CocoaPods installation.\" >&2\n    exit 1\nfi\n# This output is used by Xcode 'outputs' to avoid re-running this script phase.\necho \"SUCCESS\" > \"${SCRIPT_OUTPUT_FILE_0}\"\n";
			showEnvVarsInLog = 0;
		};
/* End PBXShellScriptBuildPhase section */

/* Begin PBXSourcesBuildPhase section */
		DCC31EDA21FB4EA40008EC1B /* Sources */ = {
			isa = PBXSourcesBuildPhase;
			buildActionMask = 2147483647;
			files = (
				DCC31EE621FB4EA40008EC1B /* ViewController.m in Sources */,
				DCC31EF121FB4EA50008EC1B /* main.m in Sources */,
				DCC31EE321FB4EA40008EC1B /* AppDelegate.m in Sources */,
			);
			runOnlyForDeploymentPostprocessing = 0;
		};
		DCD18E2F2202A96E00D68724 /* Sources */ = {
			isa = PBXSourcesBuildPhase;
			buildActionMask = 2147483647;
			files = (
				DCD18E3F2202A97000D68724 /* main.m in Sources */,
				DCD18E372202A96E00D68724 /* AppDelegate.m in Sources */,
			);
			runOnlyForDeploymentPostprocessing = 0;
		};
		DCD18E652202EC3D00D68724 /* Sources */ = {
			isa = PBXSourcesBuildPhase;
			buildActionMask = 2147483647;
			files = (
				DCD18E732202EC3D00D68724 /* ExtensionDelegate.m in Sources */,
				DCD18E702202EC3D00D68724 /* InterfaceController.m in Sources */,
				DCD18E762202EC3D00D68724 /* NotificationController.m in Sources */,
			);
			runOnlyForDeploymentPostprocessing = 0;
		};
/* End PBXSourcesBuildPhase section */

/* Begin PBXTargetDependency section */
		DCD18E6C2202EC3D00D68724 /* PBXTargetDependency */ = {
			isa = PBXTargetDependency;
			target = DCD18E682202EC3D00D68724 /* Example-watchOS Extension */;
			targetProxy = DCD18E6B2202EC3D00D68724 /* PBXContainerItemProxy */;
		};
		DCD18E7C2202EC3E00D68724 /* PBXTargetDependency */ = {
			isa = PBXTargetDependency;
			target = DCD18E5C2202EC3B00D68724 /* Example-watchOS */;
			targetProxy = DCD18E7B2202EC3E00D68724 /* PBXContainerItemProxy */;
		};
/* End PBXTargetDependency section */

/* Begin PBXVariantGroup section */
		DCC31EE721FB4EA40008EC1B /* Main.storyboard */ = {
			isa = PBXVariantGroup;
			children = (
				DCC31EE821FB4EA40008EC1B /* Base */,
			);
			name = Main.storyboard;
			sourceTree = "<group>";
		};
		DCC31EEC21FB4EA50008EC1B /* LaunchScreen.storyboard */ = {
			isa = PBXVariantGroup;
			children = (
				DCC31EED21FB4EA50008EC1B /* Base */,
			);
			name = LaunchScreen.storyboard;
			sourceTree = "<group>";
		};
		DCD18E3A2202A97000D68724 /* MainMenu.xib */ = {
			isa = PBXVariantGroup;
			children = (
				DCD18E3B2202A97000D68724 /* Base */,
			);
			name = MainMenu.xib;
			sourceTree = "<group>";
		};
		DCD18E5F2202EC3B00D68724 /* Interface.storyboard */ = {
			isa = PBXVariantGroup;
			children = (
				DCD18E602202EC3B00D68724 /* Base */,
			);
			name = Interface.storyboard;
			sourceTree = "<group>";
		};
/* End PBXVariantGroup section */

/* Begin XCBuildConfiguration section */
		DCC31EF221FB4EA50008EC1B /* Debug */ = {
			isa = XCBuildConfiguration;
			buildSettings = {
				ALWAYS_SEARCH_USER_PATHS = NO;
				CLANG_ANALYZER_NONNULL = YES;
				CLANG_ANALYZER_NUMBER_OBJECT_CONVERSION = YES_AGGRESSIVE;
				CLANG_CXX_LANGUAGE_STANDARD = "gnu++14";
				CLANG_CXX_LIBRARY = "libc++";
				CLANG_ENABLE_MODULES = YES;
				CLANG_ENABLE_OBJC_ARC = YES;
				CLANG_ENABLE_OBJC_WEAK = YES;
				CLANG_WARN_BLOCK_CAPTURE_AUTORELEASING = YES;
				CLANG_WARN_BOOL_CONVERSION = YES;
				CLANG_WARN_COMMA = YES;
				CLANG_WARN_CONSTANT_CONVERSION = YES;
				CLANG_WARN_DEPRECATED_OBJC_IMPLEMENTATIONS = YES;
				CLANG_WARN_DIRECT_OBJC_ISA_USAGE = YES_ERROR;
				CLANG_WARN_DOCUMENTATION_COMMENTS = YES;
				CLANG_WARN_EMPTY_BODY = YES;
				CLANG_WARN_ENUM_CONVERSION = YES;
				CLANG_WARN_INFINITE_RECURSION = YES;
				CLANG_WARN_INT_CONVERSION = YES;
				CLANG_WARN_NON_LITERAL_NULL_CONVERSION = YES;
				CLANG_WARN_OBJC_IMPLICIT_RETAIN_SELF = YES;
				CLANG_WARN_OBJC_LITERAL_CONVERSION = YES;
				CLANG_WARN_OBJC_ROOT_CLASS = YES_ERROR;
				CLANG_WARN_RANGE_LOOP_ANALYSIS = YES;
				CLANG_WARN_STRICT_PROTOTYPES = YES;
				CLANG_WARN_SUSPICIOUS_MOVE = YES;
				CLANG_WARN_UNGUARDED_AVAILABILITY = YES_AGGRESSIVE;
				CLANG_WARN_UNREACHABLE_CODE = YES;
				CLANG_WARN__DUPLICATE_METHOD_MATCH = YES;
				CODE_SIGN_IDENTITY = "iPhone Developer";
				COPY_PHASE_STRIP = NO;
				DEBUG_INFORMATION_FORMAT = dwarf;
				ENABLE_STRICT_OBJC_MSGSEND = YES;
				ENABLE_TESTABILITY = YES;
				GCC_C_LANGUAGE_STANDARD = gnu11;
				GCC_DYNAMIC_NO_PIC = NO;
				GCC_NO_COMMON_BLOCKS = YES;
				GCC_OPTIMIZATION_LEVEL = 0;
				GCC_PREPROCESSOR_DEFINITIONS = (
					"DEBUG=1",
					"$(inherited)",
				);
				GCC_WARN_64_TO_32_BIT_CONVERSION = YES;
				GCC_WARN_ABOUT_RETURN_TYPE = YES_ERROR;
				GCC_WARN_UNDECLARED_SELECTOR = YES;
				GCC_WARN_UNINITIALIZED_AUTOS = YES_AGGRESSIVE;
				GCC_WARN_UNUSED_FUNCTION = YES;
				GCC_WARN_UNUSED_VARIABLE = YES;
				IPHONEOS_DEPLOYMENT_TARGET = 12.1;
				MTL_ENABLE_DEBUG_INFO = INCLUDE_SOURCE;
				MTL_FAST_MATH = YES;
				ONLY_ACTIVE_ARCH = YES;
				SDKROOT = iphoneos;
			};
			name = Debug;
		};
		DCC31EF321FB4EA50008EC1B /* Release */ = {
			isa = XCBuildConfiguration;
			buildSettings = {
				ALWAYS_SEARCH_USER_PATHS = NO;
				CLANG_ANALYZER_NONNULL = YES;
				CLANG_ANALYZER_NUMBER_OBJECT_CONVERSION = YES_AGGRESSIVE;
				CLANG_CXX_LANGUAGE_STANDARD = "gnu++14";
				CLANG_CXX_LIBRARY = "libc++";
				CLANG_ENABLE_MODULES = YES;
				CLANG_ENABLE_OBJC_ARC = YES;
				CLANG_ENABLE_OBJC_WEAK = YES;
				CLANG_WARN_BLOCK_CAPTURE_AUTORELEASING = YES;
				CLANG_WARN_BOOL_CONVERSION = YES;
				CLANG_WARN_COMMA = YES;
				CLANG_WARN_CONSTANT_CONVERSION = YES;
				CLANG_WARN_DEPRECATED_OBJC_IMPLEMENTATIONS = YES;
				CLANG_WARN_DIRECT_OBJC_ISA_USAGE = YES_ERROR;
				CLANG_WARN_DOCUMENTATION_COMMENTS = YES;
				CLANG_WARN_EMPTY_BODY = YES;
				CLANG_WARN_ENUM_CONVERSION = YES;
				CLANG_WARN_INFINITE_RECURSION = YES;
				CLANG_WARN_INT_CONVERSION = YES;
				CLANG_WARN_NON_LITERAL_NULL_CONVERSION = YES;
				CLANG_WARN_OBJC_IMPLICIT_RETAIN_SELF = YES;
				CLANG_WARN_OBJC_LITERAL_CONVERSION = YES;
				CLANG_WARN_OBJC_ROOT_CLASS = YES_ERROR;
				CLANG_WARN_RANGE_LOOP_ANALYSIS = YES;
				CLANG_WARN_STRICT_PROTOTYPES = YES;
				CLANG_WARN_SUSPICIOUS_MOVE = YES;
				CLANG_WARN_UNGUARDED_AVAILABILITY = YES_AGGRESSIVE;
				CLANG_WARN_UNREACHABLE_CODE = YES;
				CLANG_WARN__DUPLICATE_METHOD_MATCH = YES;
				CODE_SIGN_IDENTITY = "iPhone Developer";
				COPY_PHASE_STRIP = NO;
				DEBUG_INFORMATION_FORMAT = "dwarf-with-dsym";
				ENABLE_NS_ASSERTIONS = NO;
				ENABLE_STRICT_OBJC_MSGSEND = YES;
				GCC_C_LANGUAGE_STANDARD = gnu11;
				GCC_NO_COMMON_BLOCKS = YES;
				GCC_WARN_64_TO_32_BIT_CONVERSION = YES;
				GCC_WARN_ABOUT_RETURN_TYPE = YES_ERROR;
				GCC_WARN_UNDECLARED_SELECTOR = YES;
				GCC_WARN_UNINITIALIZED_AUTOS = YES_AGGRESSIVE;
				GCC_WARN_UNUSED_FUNCTION = YES;
				GCC_WARN_UNUSED_VARIABLE = YES;
				IPHONEOS_DEPLOYMENT_TARGET = 12.1;
				MTL_ENABLE_DEBUG_INFO = NO;
				MTL_FAST_MATH = YES;
				SDKROOT = iphoneos;
				VALIDATE_PRODUCT = YES;
			};
			name = Release;
		};
		DCC31EF521FB4EA50008EC1B /* Debug */ = {
			isa = XCBuildConfiguration;
			baseConfigurationReference = 9974F533E29EB1448B8C1390 /* Pods-Example-iOS.debug.xcconfig */;
			buildSettings = {
				ASSETCATALOG_COMPILER_APPICON_NAME = AppIcon;
				CODE_SIGN_STYLE = Automatic;
				DEVELOPMENT_TEAM = W8U3NWR72S;
				INFOPLIST_FILE = "Example-iOS/Info.plist";
				IPHONEOS_DEPLOYMENT_TARGET = 11.0;
				LD_RUNPATH_SEARCH_PATHS = (
					"$(inherited)",
					"@executable_path/Frameworks",
				);
				PRODUCT_BUNDLE_IDENTIFIER = "com.youdao.Example-iOS";
				PRODUCT_NAME = "$(TARGET_NAME)";
				TARGETED_DEVICE_FAMILY = "1,2";
			};
			name = Debug;
		};
		DCC31EF621FB4EA50008EC1B /* Release */ = {
			isa = XCBuildConfiguration;
			baseConfigurationReference = 1BED1593D0FEAE33D4FFB880 /* Pods-Example-iOS.release.xcconfig */;
			buildSettings = {
				ASSETCATALOG_COMPILER_APPICON_NAME = AppIcon;
				CODE_SIGN_STYLE = Automatic;
				DEVELOPMENT_TEAM = W8U3NWR72S;
				INFOPLIST_FILE = "Example-iOS/Info.plist";
				IPHONEOS_DEPLOYMENT_TARGET = 11.0;
				LD_RUNPATH_SEARCH_PATHS = (
					"$(inherited)",
					"@executable_path/Frameworks",
				);
				PRODUCT_BUNDLE_IDENTIFIER = "com.youdao.Example-iOS";
				PRODUCT_NAME = "$(TARGET_NAME)";
				TARGETED_DEVICE_FAMILY = "1,2";
			};
			name = Release;
		};
		DCD18E422202A97000D68724 /* Debug */ = {
			isa = XCBuildConfiguration;
			baseConfigurationReference = B36008818CFE2CDCDDF4EBBB /* Pods-Example-macOS.debug.xcconfig */;
			buildSettings = {
				ASSETCATALOG_COMPILER_APPICON_NAME = AppIcon;
				CODE_SIGN_ENTITLEMENTS = "Example-macOS/Example_macOS.entitlements";
				CODE_SIGN_IDENTITY = "Mac Developer";
				CODE_SIGN_STYLE = Automatic;
				COMBINE_HIDPI_IMAGES = YES;
				DEVELOPMENT_TEAM = G6N2GYYGGJ;
				INFOPLIST_FILE = "Example-macOS/Info.plist";
				LD_RUNPATH_SEARCH_PATHS = (
					"$(inherited)",
					"@executable_path/../Frameworks",
				);
				MACOSX_DEPLOYMENT_TARGET = 10.14;
				PRODUCT_BUNDLE_IDENTIFIER = "com.muhuaxin.Example-macOS";
				PRODUCT_NAME = "$(TARGET_NAME)";
				SDKROOT = macosx;
			};
			name = Debug;
		};
		DCD18E432202A97000D68724 /* Release */ = {
			isa = XCBuildConfiguration;
			baseConfigurationReference = EFEB38081BB4401818869B05 /* Pods-Example-macOS.release.xcconfig */;
			buildSettings = {
				ASSETCATALOG_COMPILER_APPICON_NAME = AppIcon;
				CODE_SIGN_ENTITLEMENTS = "Example-macOS/Example_macOS.entitlements";
				CODE_SIGN_IDENTITY = "Mac Developer";
				CODE_SIGN_STYLE = Automatic;
				COMBINE_HIDPI_IMAGES = YES;
				DEVELOPMENT_TEAM = G6N2GYYGGJ;
				INFOPLIST_FILE = "Example-macOS/Info.plist";
				LD_RUNPATH_SEARCH_PATHS = (
					"$(inherited)",
					"@executable_path/../Frameworks",
				);
				MACOSX_DEPLOYMENT_TARGET = 10.14;
				PRODUCT_BUNDLE_IDENTIFIER = "com.muhuaxin.Example-macOS";
				PRODUCT_NAME = "$(TARGET_NAME)";
				SDKROOT = macosx;
			};
			name = Release;
		};
		DCD18E7E2202EC3E00D68724 /* Debug */ = {
			isa = XCBuildConfiguration;
			buildSettings = {
				ASSETCATALOG_COMPILER_APPICON_NAME = AppIcon;
				CODE_SIGN_STYLE = Automatic;
				DEVELOPMENT_TEAM = W8U3NWR72S;
				IBSC_MODULE = Example_watchOS_Extension;
				INFOPLIST_FILE = "Example-watchOS/Info.plist";
				PRODUCT_BUNDLE_IDENTIFIER = "com.youdao.Example-iOS.watchkitapp";
				PRODUCT_NAME = "$(TARGET_NAME)";
				SDKROOT = watchos;
				SKIP_INSTALL = YES;
				TARGETED_DEVICE_FAMILY = 4;
				WATCHOS_DEPLOYMENT_TARGET = 4.0;
			};
			name = Debug;
		};
		DCD18E7F2202EC3E00D68724 /* Release */ = {
			isa = XCBuildConfiguration;
			buildSettings = {
				ASSETCATALOG_COMPILER_APPICON_NAME = AppIcon;
				CODE_SIGN_STYLE = Automatic;
				DEVELOPMENT_TEAM = W8U3NWR72S;
				IBSC_MODULE = Example_watchOS_Extension;
				INFOPLIST_FILE = "Example-watchOS/Info.plist";
				PRODUCT_BUNDLE_IDENTIFIER = "com.youdao.Example-iOS.watchkitapp";
				PRODUCT_NAME = "$(TARGET_NAME)";
				SDKROOT = watchos;
				SKIP_INSTALL = YES;
				TARGETED_DEVICE_FAMILY = 4;
				WATCHOS_DEPLOYMENT_TARGET = 4.0;
			};
			name = Release;
		};
		DCD18E802202EC3E00D68724 /* Debug */ = {
			isa = XCBuildConfiguration;
			baseConfigurationReference = 06741EC15AA2D1C7316453AF /* Pods-Example-watchOS Extension.debug.xcconfig */;
			buildSettings = {
				ASSETCATALOG_COMPILER_COMPLICATION_NAME = Complication;
				CODE_SIGN_STYLE = Automatic;
				DEVELOPMENT_TEAM = W8U3NWR72S;
				INFOPLIST_FILE = "Example-watchOS Extension/Info.plist";
				LD_RUNPATH_SEARCH_PATHS = (
					"$(inherited)",
					"@executable_path/Frameworks",
					"@executable_path/../../Frameworks",
				);
				PRODUCT_BUNDLE_IDENTIFIER = "com.youdao.Example-iOS.watchkitapp.watchkitextension";
				PRODUCT_NAME = "${TARGET_NAME}";
				SDKROOT = watchos;
				SKIP_INSTALL = YES;
				TARGETED_DEVICE_FAMILY = 4;
				WATCHOS_DEPLOYMENT_TARGET = 4.0;
			};
			name = Debug;
		};
		DCD18E812202EC3E00D68724 /* Release */ = {
			isa = XCBuildConfiguration;
			baseConfigurationReference = 467204FB6856DAC8C24496CF /* Pods-Example-watchOS Extension.release.xcconfig */;
			buildSettings = {
				ASSETCATALOG_COMPILER_COMPLICATION_NAME = Complication;
				CODE_SIGN_STYLE = Automatic;
				DEVELOPMENT_TEAM = W8U3NWR72S;
				INFOPLIST_FILE = "Example-watchOS Extension/Info.plist";
				LD_RUNPATH_SEARCH_PATHS = (
					"$(inherited)",
					"@executable_path/Frameworks",
					"@executable_path/../../Frameworks",
				);
				PRODUCT_BUNDLE_IDENTIFIER = "com.youdao.Example-iOS.watchkitapp.watchkitextension";
				PRODUCT_NAME = "${TARGET_NAME}";
				SDKROOT = watchos;
				SKIP_INSTALL = YES;
				TARGETED_DEVICE_FAMILY = 4;
				WATCHOS_DEPLOYMENT_TARGET = 4.0;
			};
			name = Release;
		};
/* End XCBuildConfiguration section */

/* Begin XCConfigurationList section */
		DCC31ED921FB4EA40008EC1B /* Build configuration list for PBXProject "Example" */ = {
			isa = XCConfigurationList;
			buildConfigurations = (
				DCC31EF221FB4EA50008EC1B /* Debug */,
				DCC31EF321FB4EA50008EC1B /* Release */,
			);
			defaultConfigurationIsVisible = 0;
			defaultConfigurationName = Release;
		};
		DCC31EF421FB4EA50008EC1B /* Build configuration list for PBXNativeTarget "Example-iOS" */ = {
			isa = XCConfigurationList;
			buildConfigurations = (
				DCC31EF521FB4EA50008EC1B /* Debug */,
				DCC31EF621FB4EA50008EC1B /* Release */,
			);
			defaultConfigurationIsVisible = 0;
			defaultConfigurationName = Release;
		};
		DCD18E412202A97000D68724 /* Build configuration list for PBXNativeTarget "Example-macOS" */ = {
			isa = XCConfigurationList;
			buildConfigurations = (
				DCD18E422202A97000D68724 /* Debug */,
				DCD18E432202A97000D68724 /* Release */,
			);
			defaultConfigurationIsVisible = 0;
			defaultConfigurationName = Release;
		};
		DCD18E822202EC3E00D68724 /* Build configuration list for PBXNativeTarget "Example-watchOS Extension" */ = {
			isa = XCConfigurationList;
			buildConfigurations = (
				DCD18E802202EC3E00D68724 /* Debug */,
				DCD18E812202EC3E00D68724 /* Release */,
			);
			defaultConfigurationIsVisible = 0;
			defaultConfigurationName = Release;
		};
		DCD18E842202EC3E00D68724 /* Build configuration list for PBXNativeTarget "Example-watchOS" */ = {
			isa = XCConfigurationList;
			buildConfigurations = (
				DCD18E7E2202EC3E00D68724 /* Debug */,
				DCD18E7F2202EC3E00D68724 /* Release */,
			);
			defaultConfigurationIsVisible = 0;
			defaultConfigurationName = Release;
		};
/* End XCConfigurationList section */
	};
	rootObject = DCC31ED621FB4EA40008EC1B /* Project object */;
}
